github.com/matcornic/hugo-theme-learn v0.0.0-20201112094855-ae732f39317e h1:89REoCjW4TYbUMSyX/Jz7INIEznMBcBKw3/LoFWD3oE=
github.com/matcornic/hugo-theme-learn v0.0.0-20201112094855-ae732f39317e/go.mod h1:YoToDcvQxmAFhpEuapKUysBDEBckqDEssqTrmeZ2+uY=
github.com/pointyfar/drt v0.0.0-20201204004452-a38f3921b727 h1:EFred9JtP8T9V/CtLL4QcUrNMxhsGTgU7kRxSCvIP0w=
github.com/pointyfar/drt v0.0.0-20201204004452-a38f3921b727/go.mod h1:8RqzUaPufNvRXAGQr4xezWKLYI90MiQ4CPnbFwihrwk=
